
Microsoft Visual Studio Solution File, Format Version 12.00
# Visual Studio Version 16
VisualStudioVersion = 16.0.29424.173
MinimumVisualStudioVersion = 10.0.40219.1
Project("{FAE04EC0-301F-11D3-BF4B-00C04F79EFBC}") = "AutomaticFixUpIsBad", "AutomaticFixUpIsBad\AutomaticFixUpIsBad.csproj", "{E091C5D2-51E9-40E8-A740-08A48B5A377B}"
EndProject
Global
	GlobalSection(SolutionConfigurationPlatforms) = preSolution
		Debug|Any CPU = Debug|Any CPU
		Release|Any CPU = Release|Any CPU
	EndGlobalSection
	GlobalSection(ProjectConfigurationPlatforms) = postSolution
		{E091C5D2-51E9-40E8-A740-08A48B5A377B}.Debug|Any CPU.ActiveCfg = Debug|Any CPU
		{E091C5D2-51E9-40E8-A740-08A48B5A377B}.Debug|Any CPU.Build.0 = Debug|Any CPU
		{E091C5D2-51E9-40E8-A740-08A48B5A377B}.Release|Any CPU.ActiveCfg = Release|Any CPU
		{E091C5D2-51E9-40E8-A740-08A48B5A377B}.Release|Any CPU.Build.0 = Release|Any CPU
	EndGlobalSection
	GlobalSection(SolutionProperties) = preSolution
		HideSolutionNode = FALSE
	EndGlobalSection
	GlobalSection(ExtensibilityGlobals) = postSolution
		SolutionGuid = {49F09EA5-4AE3-46AB-8E1D-0DB06C7B022F}
	EndGlobalSection
EndGlobal
